
Microsoft Visual Studio Solution File, Format Version 12.00
# Visual Studio 15
VisualStudioVersion = 15.0.27428.2011
MinimumVisualStudioVersion = 10.0.40219.1
Project("{FAE04EC0-301F-11D3-BF4B-00C04F79EFBC}") = "Proyecto Poo", "Proyecto Poo\Proyecto Poo.csproj", "{B2A15934-E13C-423E-ADAE-AACC0D1E5D27}"
EndProject
Project("{FAE04EC0-301F-11D3-BF4B-00C04F79EFBC}") = "WindowsFormsApp1", "WindowsFormsApp1\WindowsFormsApp1.csproj", "{E8ED0341-F8A2-4E59-B016-B3D383B2BE1B}"
EndProject
Global
	GlobalSection(SolutionConfigurationPlatforms) = preSolution
		Debug|Any CPU = Debug|Any CPU
		Release|Any CPU = Release|Any CPU
	EndGlobalSection
	GlobalSection(ProjectConfigurationPlatforms) = postSolution
		{B2A15934-E13C-423E-ADAE-AACC0D1E5D27}.Debug|Any CPU.ActiveCfg = Debug|Any CPU
		{B2A15934-E13C-423E-ADAE-AACC0D1E5D27}.Debug|Any CPU.Build.0 = Debug|Any CPU
		{B2A15934-E13C-423E-ADAE-AACC0D1E5D27}.Release|Any CPU.ActiveCfg = Release|Any CPU
		{B2A15934-E13C-423E-ADAE-AACC0D1E5D27}.Release|Any CPU.Build.0 = Release|Any CPU
		{E8ED0341-F8A2-4E59-B016-B3D383B2BE1B}.Debug|Any CPU.ActiveCfg = Debug|Any CPU
		{E8ED0341-F8A2-4E59-B016-B3D383B2BE1B}.Debug|Any CPU.Build.0 = Debug|Any CPU
		{E8ED0341-F8A2-4E59-B016-B3D383B2BE1B}.Release|Any CPU.ActiveCfg = Release|Any CPU
		{E8ED0341-F8A2-4E59-B016-B3D383B2BE1B}.Release|Any CPU.Build.0 = Release|Any CPU
	EndGlobalSection
	GlobalSection(SolutionProperties) = preSolution
		HideSolutionNode = FALSE
	EndGlobalSection
	GlobalSection(ExtensibilityGlobals) = postSolution
		SolutionGuid = {E09743A9-097D-4AAF-92BF-5C68E5DC9781}
	EndGlobalSection
EndGlobal
